// !$*UTF8*$!
{
	archiveVersion = 1;
	classes = {
	};
	objectVersion = 51;
	objects = {

/* Begin PBXBuildFile section */
		6D8EDD076DAF95DB3CEA9108 /* Pods_XtraRep.framework in Frameworks */ = {isa = PBXBuildFile; fileRef = 0917406747E7762DC6B1385B /* Pods_XtraRep.framework */; };
		7288C40A3B502ABB2A8C670F /* Pods_XtraRep_WatchKit_Extension.framework in Frameworks */ = {isa = PBXBuildFile; fileRef = 008B84FDD35A2AD14DD6B58D /* Pods_XtraRep_WatchKit_Extension.framework */; };
		9D479C5F4952981CF8545298 /* Pods_XtraRep_WatchKit_App.framework in Frameworks */ = {isa = PBXBuildFile; fileRef = 68D1F0014486BB48B9B9A095 /* Pods_XtraRep_WatchKit_App.framework */; };
		A503C1C2254C476700654200 /* Constants.swift in Sources */ = {isa = PBXBuildFile; fileRef = A503C1C1254C476700654200 /* Constants.swift */; };
		A521E04D2548DD7700F87B1D /* GoogleService-Info.plist in Resources */ = {isa = PBXBuildFile; fileRef = A521E04C2548DD7700F87B1D /* GoogleService-Info.plist */; };
		A521E04E2548DD7700F87B1D /* GoogleService-Info.plist in Resources */ = {isa = PBXBuildFile; fileRef = A521E04C2548DD7700F87B1D /* GoogleService-Info.plist */; };
		A521E04F2548DD7700F87B1D /* GoogleService-Info.plist in Resources */ = {isa = PBXBuildFile; fileRef = A521E04C2548DD7700F87B1D /* GoogleService-Info.plist */; };
		A521E06B2548F0EE00F87B1D /* ExerciseDataModel.swift in Sources */ = {isa = PBXBuildFile; fileRef = A521E06A2548F0EE00F87B1D /* ExerciseDataModel.swift */; };
		A5245C2425498EDC00AD337F /* WatchBrain.swift in Sources */ = {isa = PBXBuildFile; fileRef = A5245C2325498EDC00AD337F /* WatchBrain.swift */; };
		A5B7D7D92547B87600D673AD /* AppDelegate.swift in Sources */ = {isa = PBXBuildFile; fileRef = A5B7D7D82547B87600D673AD /* AppDelegate.swift */; };
		A5B7D7DB2547B87600D673AD /* SceneDelegate.swift in Sources */ = {isa = PBXBuildFile; fileRef = A5B7D7DA2547B87600D673AD /* SceneDelegate.swift */; };
		A5B7D7DD2547B87600D673AD /* ViewController.swift in Sources */ = {isa = PBXBuildFile; fileRef = A5B7D7DC2547B87600D673AD /* ViewController.swift */; };
		A5B7D7E02547B87600D673AD /* Main.storyboard in Resources */ = {isa = PBXBuildFile; fileRef = A5B7D7DE2547B87600D673AD /* Main.storyboard */; };
		A5B7D7E22547B87700D673AD /* Assets.xcassets in Resources */ = {isa = PBXBuildFile; fileRef = A5B7D7E12547B87700D673AD /* Assets.xcassets */; };
		A5B7D7E52547B87700D673AD /* LaunchScreen.storyboard in Resources */ = {isa = PBXBuildFile; fileRef = A5B7D7E32547B87700D673AD /* LaunchScreen.storyboard */; };
		A5B7D7EA2547B87700D673AD /* XtraRep WatchKit App.app in Embed Watch Content */ = {isa = PBXBuildFile; fileRef = A5B7D7E92547B87700D673AD /* XtraRep WatchKit App.app */; settings = {ATTRIBUTES = (RemoveHeadersOnCopy, ); }; };
		A5B7D7F02547B87700D673AD /* Interface.storyboard in Resources */ = {isa = PBXBuildFile; fileRef = A5B7D7EE2547B87700D673AD /* Interface.storyboard */; };
		A5B7D7F22547B87700D673AD /* Assets.xcassets in Resources */ = {isa = PBXBuildFile; fileRef = A5B7D7F12547B87700D673AD /* Assets.xcassets */; };
		A5B7D7F92547B87800D673AD /* XtraRep WatchKit Extension.appex in Embed App Extensions */ = {isa = PBXBuildFile; fileRef = A5B7D7F82547B87800D673AD /* XtraRep WatchKit Extension.appex */; settings = {ATTRIBUTES = (RemoveHeadersOnCopy, ); }; };
		A5B7D7FE2547B87800D673AD /* InterfaceController.swift in Sources */ = {isa = PBXBuildFile; fileRef = A5B7D7FD2547B87800D673AD /* InterfaceController.swift */; };
		A5B7D8002547B87800D673AD /* ExtensionDelegate.swift in Sources */ = {isa = PBXBuildFile; fileRef = A5B7D7FF2547B87800D673AD /* ExtensionDelegate.swift */; };
		A5B7D8022547B87800D673AD /* NotificationController.swift in Sources */ = {isa = PBXBuildFile; fileRef = A5B7D8012547B87800D673AD /* NotificationController.swift */; };
		A5B7D8042547B87800D673AD /* ComplicationController.swift in Sources */ = {isa = PBXBuildFile; fileRef = A5B7D8032547B87800D673AD /* ComplicationController.swift */; };
		A5B7D8062547B87800D673AD /* Assets.xcassets in Resources */ = {isa = PBXBuildFile; fileRef = A5B7D8052547B87800D673AD /* Assets.xcassets */; };
		A5B7D81D2547BC5900D673AD /* Constants.swift in Sources */ = {isa = PBXBuildFile; fileRef = A5B7D81C2547BC5900D673AD /* Constants.swift */; };
		A5B7D8222547C33500D673AD /* Colors.swift in Sources */ = {isa = PBXBuildFile; fileRef = A5B7D8212547C33500D673AD /* Colors.swift */; };
		A5D0D26B25522A4800C0C8C1 /* WorkoutView.swift in Sources */ = {isa = PBXBuildFile; fileRef = A5D0D26A25522A4800C0C8C1 /* WorkoutView.swift */; };
/* End PBXBuildFile section */

/* Begin PBXContainerItemProxy section */
		A5B7D7EB2547B87700D673AD /* PBXContainerItemProxy */ = {
			isa = PBXContainerItemProxy;
			containerPortal = A5B7D7CD2547B87600D673AD /* Project object */;
			proxyType = 1;
			remoteGlobalIDString = A5B7D7E82547B87700D673AD;
			remoteInfo = "XtraRep WatchKit App";
		};
		A5B7D7FA2547B87800D673AD /* PBXContainerItemProxy */ = {
			isa = PBXContainerItemProxy;
			containerPortal = A5B7D7CD2547B87600D673AD /* Project object */;
			proxyType = 1;
			remoteGlobalIDString = A5B7D7F72547B87800D673AD;
			remoteInfo = "XtraRep WatchKit Extension";
		};
/* End PBXContainerItemProxy section */

/* Begin PBXCopyFilesBuildPhase section */
		A5B7D80E2547B87800D673AD /* Embed App Extensions */ = {
			isa = PBXCopyFilesBuildPhase;
			buildActionMask = 2147483647;
			dstPath = "";
			dstSubfolderSpec = 13;
			files = (
				A5B7D7F92547B87800D673AD /* XtraRep WatchKit Extension.appex in Embed App Extensions */,
			);
			name = "Embed App Extensions";
			runOnlyForDeploymentPostprocessing = 0;
		};
		A5B7D8122547B87800D673AD /* Embed Watch Content */ = {
			isa = PBXCopyFilesBuildPhase;
			buildActionMask = 2147483647;
			dstPath = "$(CONTENTS_FOLDER_PATH)/Watch";
			dstSubfolderSpec = 16;
			files = (
				A5B7D7EA2547B87700D673AD /* XtraRep WatchKit App.app in Embed Watch Content */,
			);
			name = "Embed Watch Content";
			runOnlyForDeploymentPostprocessing = 0;
		};
/* End PBXCopyFilesBuildPhase section */

/* Begin PBXFileReference section */
		008B84FDD35A2AD14DD6B58D /* Pods_XtraRep_WatchKit_Extension.framework */ = {isa = PBXFileReference; explicitFileType = wrapper.framework; includeInIndex = 0; path = Pods_XtraRep_WatchKit_Extension.framework; sourceTree = BUILT_PRODUCTS_DIR; };
		0917406747E7762DC6B1385B /* Pods_XtraRep.framework */ = {isa = PBXFileReference; explicitFileType = wrapper.framework; includeInIndex = 0; path = Pods_XtraRep.framework; sourceTree = BUILT_PRODUCTS_DIR; };
		10B936462263E7324BEAF6F0 /* Pods-XtraRep WatchKit App.release.xcconfig */ = {isa = PBXFileReference; includeInIndex = 1; lastKnownFileType = text.xcconfig; name = "Pods-XtraRep WatchKit App.release.xcconfig"; path = "Target Support Files/Pods-XtraRep WatchKit App/Pods-XtraRep WatchKit App.release.xcconfig"; sourceTree = "<group>"; };
		464FB0E393C11C39243EBC5C /* Pods-XtraRep WatchKit Extension.debug.xcconfig */ = {isa = PBXFileReference; includeInIndex = 1; lastKnownFileType = text.xcconfig; name = "Pods-XtraRep WatchKit Extension.debug.xcconfig"; path = "Target Support Files/Pods-XtraRep WatchKit Extension/Pods-XtraRep WatchKit Extension.debug.xcconfig"; sourceTree = "<group>"; };
		5B9DC646F5C47AC4A0F8C706 /* Pods-XtraRep.release.xcconfig */ = {isa = PBXFileReference; includeInIndex = 1; lastKnownFileType = text.xcconfig; name = "Pods-XtraRep.release.xcconfig"; path = "Target Support Files/Pods-XtraRep/Pods-XtraRep.release.xcconfig"; sourceTree = "<group>"; };
		68D1F0014486BB48B9B9A095 /* Pods_XtraRep_WatchKit_App.framework */ = {isa = PBXFileReference; explicitFileType = wrapper.framework; includeInIndex = 0; path = Pods_XtraRep_WatchKit_App.framework; sourceTree = BUILT_PRODUCTS_DIR; };
		7624A47060611782EC936F3F /* Pods-XtraRep WatchKit Extension.release.xcconfig */ = {isa = PBXFileReference; includeInIndex = 1; lastKnownFileType = text.xcconfig; name = "Pods-XtraRep WatchKit Extension.release.xcconfig"; path = "Target Support Files/Pods-XtraRep WatchKit Extension/Pods-XtraRep WatchKit Extension.release.xcconfig"; sourceTree = "<group>"; };
		8BF01BCD72D0CC504E5D42D7 /* Pods-XtraRep WatchKit App.debug.xcconfig */ = {isa = PBXFileReference; includeInIndex = 1; lastKnownFileType = text.xcconfig; name = "Pods-XtraRep WatchKit App.debug.xcconfig"; path = "Target Support Files/Pods-XtraRep WatchKit App/Pods-XtraRep WatchKit App.debug.xcconfig"; sourceTree = "<group>"; };
		A503C1BA254C468400654200 /* XtraRep WatchKit App-Bridging-Header.h */ = {isa = PBXFileReference; lastKnownFileType = sourcecode.c.h; path = "XtraRep WatchKit App-Bridging-Header.h"; sourceTree = "<group>"; };
		A503C1C1254C476700654200 /* Constants.swift */ = {isa = PBXFileReference; lastKnownFileType = sourcecode.swift; path = Constants.swift; sourceTree = "<group>"; };
		A521E04C2548DD7700F87B1D /* GoogleService-Info.plist */ = {isa = PBXFileReference; fileEncoding = 4; lastKnownFileType = text.plist.xml; path = "GoogleService-Info.plist"; sourceTree = "<group>"; };
		A521E06A2548F0EE00F87B1D /* ExerciseDataModel.swift */ = {isa = PBXFileReference; lastKnownFileType = sourcecode.swift; path = ExerciseDataModel.swift; sourceTree = "<group>"; };
		A5245C2325498EDC00AD337F /* WatchBrain.swift */ = {isa = PBXFileReference; lastKnownFileType = sourcecode.swift; path = WatchBrain.swift; sourceTree = "<group>"; };
		A5B7D7D52547B87600D673AD /* XtraRep.app */ = {isa = PBXFileReference; explicitFileType = wrapper.application; includeInIndex = 0; path = XtraRep.app; sourceTree = BUILT_PRODUCTS_DIR; };
		A5B7D7D82547B87600D673AD /* AppDelegate.swift */ = {isa = PBXFileReference; lastKnownFileType = sourcecode.swift; path = AppDelegate.swift; sourceTree = "<group>"; };
		A5B7D7DA2547B87600D673AD /* SceneDelegate.swift */ = {isa = PBXFileReference; lastKnownFileType = sourcecode.swift; path = SceneDelegate.swift; sourceTree = "<group>"; };
		A5B7D7DC2547B87600D673AD /* ViewController.swift */ = {isa = PBXFileReference; lastKnownFileType = sourcecode.swift; path = ViewController.swift; sourceTree = "<group>"; };
		A5B7D7DF2547B87600D673AD /* Base */ = {isa = PBXFileReference; lastKnownFileType = file.storyboard; name = Base; path = Base.lproj/Main.storyboard; sourceTree = "<group>"; };
		A5B7D7E12547B87700D673AD /* Assets.xcassets */ = {isa = PBXFileReference; lastKnownFileType = folder.assetcatalog; path = Assets.xcassets; sourceTree = "<group>"; };
		A5B7D7E42547B87700D673AD /* Base */ = {isa = PBXFileReference; lastKnownFileType = file.storyboard; name = Base; path = Base.lproj/LaunchScreen.storyboard; sourceTree = "<group>"; };
		A5B7D7E62547B87700D673AD /* Info.plist */ = {isa = PBXFileReference; lastKnownFileType = text.plist.xml; path = Info.plist; sourceTree = "<group>"; };
		A5B7D7E92547B87700D673AD /* XtraRep WatchKit App.app */ = {isa = PBXFileReference; explicitFileType = wrapper.application; includeInIndex = 0; path = "XtraRep WatchKit App.app"; sourceTree = BUILT_PRODUCTS_DIR; };
		A5B7D7EF2547B87700D673AD /* Base */ = {isa = PBXFileReference; lastKnownFileType = file.storyboard; name = Base; path = Base.lproj/Interface.storyboard; sourceTree = "<group>"; };
		A5B7D7F12547B87700D673AD /* Assets.xcassets */ = {isa = PBXFileReference; lastKnownFileType = folder.assetcatalog; path = Assets.xcassets; sourceTree = "<group>"; };
		A5B7D7F32547B87700D673AD /* Info.plist */ = {isa = PBXFileReference; lastKnownFileType = text.plist.xml; path = Info.plist; sourceTree = "<group>"; };
		A5B7D7F82547B87800D673AD /* XtraRep WatchKit Extension.appex */ = {isa = PBXFileReference; explicitFileType = "wrapper.app-extension"; includeInIndex = 0; path = "XtraRep WatchKit Extension.appex"; sourceTree = BUILT_PRODUCTS_DIR; };
		A5B7D7FD2547B87800D673AD /* InterfaceController.swift */ = {isa = PBXFileReference; lastKnownFileType = sourcecode.swift; path = InterfaceController.swift; sourceTree = "<group>"; };
		A5B7D7FF2547B87800D673AD /* ExtensionDelegate.swift */ = {isa = PBXFileReference; lastKnownFileType = sourcecode.swift; path = ExtensionDelegate.swift; sourceTree = "<group>"; };
		A5B7D8012547B87800D673AD /* NotificationController.swift */ = {isa = PBXFileReference; lastKnownFileType = sourcecode.swift; path = NotificationController.swift; sourceTree = "<group>"; };
		A5B7D8032547B87800D673AD /* ComplicationController.swift */ = {isa = PBXFileReference; lastKnownFileType = sourcecode.swift; path = ComplicationController.swift; sourceTree = "<group>"; };
		A5B7D8052547B87800D673AD /* Assets.xcassets */ = {isa = PBXFileReference; lastKnownFileType = folder.assetcatalog; path = Assets.xcassets; sourceTree = "<group>"; };
		A5B7D8072547B87800D673AD /* Info.plist */ = {isa = PBXFileReference; lastKnownFileType = text.plist.xml; path = Info.plist; sourceTree = "<group>"; };
		A5B7D8082547B87800D673AD /* PushNotificationPayload.apns */ = {isa = PBXFileReference; lastKnownFileType = text; path = PushNotificationPayload.apns; sourceTree = "<group>"; };
		A5B7D81C2547BC5900D673AD /* Constants.swift */ = {isa = PBXFileReference; lastKnownFileType = sourcecode.swift; path = Constants.swift; sourceTree = "<group>"; };
		A5B7D8212547C33500D673AD /* Colors.swift */ = {isa = PBXFileReference; lastKnownFileType = sourcecode.swift; path = Colors.swift; sourceTree = "<group>"; };
		A5D0D26A25522A4800C0C8C1 /* WorkoutView.swift */ = {isa = PBXFileReference; lastKnownFileType = sourcecode.swift; path = WorkoutView.swift; sourceTree = "<group>"; };
		AC4A038E4342859353A2BCC8 /* Pods-XtraRep.debug.xcconfig */ = {isa = PBXFileReference; includeInIndex = 1; lastKnownFileType = text.xcconfig; name = "Pods-XtraRep.debug.xcconfig"; path = "Target Support Files/Pods-XtraRep/Pods-XtraRep.debug.xcconfig"; sourceTree = "<group>"; };
/* End PBXFileReference section */

/* Begin PBXFrameworksBuildPhase section */
		20F266D6A04CC68079342B87 /* Frameworks */ = {
			isa = PBXFrameworksBuildPhase;
			buildActionMask = 2147483647;
			files = (
				9D479C5F4952981CF8545298 /* Pods_XtraRep_WatchKit_App.framework in Frameworks */,
			);
			runOnlyForDeploymentPostprocessing = 0;
		};
		A5B7D7D22547B87600D673AD /* Frameworks */ = {
			isa = PBXFrameworksBuildPhase;
			buildActionMask = 2147483647;
			files = (
				6D8EDD076DAF95DB3CEA9108 /* Pods_XtraRep.framework in Frameworks */,
			);
			runOnlyForDeploymentPostprocessing = 0;
		};
		A5B7D7F52547B87800D673AD /* Frameworks */ = {
			isa = PBXFrameworksBuildPhase;
			buildActionMask = 2147483647;
			files = (
				7288C40A3B502ABB2A8C670F /* Pods_XtraRep_WatchKit_Extension.framework in Frameworks */,
			);
			runOnlyForDeploymentPostprocessing = 0;
		};
/* End PBXFrameworksBuildPhase section */

/* Begin PBXGroup section */
		A10BE985896DFC0A473F5247 /* Frameworks */ = {
			isa = PBXGroup;
			children = (
				0917406747E7762DC6B1385B /* Pods_XtraRep.framework */,
				68D1F0014486BB48B9B9A095 /* Pods_XtraRep_WatchKit_App.framework */,
				008B84FDD35A2AD14DD6B58D /* Pods_XtraRep_WatchKit_Extension.framework */,
			);
			name = Frameworks;
			sourceTree = "<group>";
		};
		A5245C1E25498E3300AD337F /* Controller */ = {
			isa = PBXGroup;
			children = (
				A5B7D7FD2547B87800D673AD /* InterfaceController.swift */,
				A5B7D7FF2547B87800D673AD /* ExtensionDelegate.swift */,
				A5B7D8012547B87800D673AD /* NotificationController.swift */,
				A5B7D8032547B87800D673AD /* ComplicationController.swift */,
			);
			path = Controller;
			sourceTree = "<group>";
		};
		A5245C2225498E4500AD337F /* Model */ = {
			isa = PBXGroup;
			children = (
				A521E06A2548F0EE00F87B1D /* ExerciseDataModel.swift */,
				A5245C2325498EDC00AD337F /* WatchBrain.swift */,
			);
			path = Model;
			sourceTree = "<group>";
		};
		A5B7D7CC2547B87600D673AD = {
			isa = PBXGroup;
			children = (
				A5B7D7D72547B87600D673AD /* XtraRep */,
				A5B7D7ED2547B87700D673AD /* XtraRep WatchKit App */,
				A5B7D7FC2547B87800D673AD /* XtraRep WatchKit Extension */,
				A5B7D7D62547B87600D673AD /* Products */,
				D634FEFBE234A9EE1C05923E /* Pods */,
				A10BE985896DFC0A473F5247 /* Frameworks */,
			);
			sourceTree = "<group>";
		};
		A5B7D7D62547B87600D673AD /* Products */ = {
			isa = PBXGroup;
			children = (
				A5B7D7D52547B87600D673AD /* XtraRep.app */,
				A5B7D7E92547B87700D673AD /* XtraRep WatchKit App.app */,
				A5B7D7F82547B87800D673AD /* XtraRep WatchKit Extension.appex */,
			);
			name = Products;
			sourceTree = "<group>";
		};
		A5B7D7D72547B87600D673AD /* XtraRep */ = {
			isa = PBXGroup;
			children = (
				A5D0D26925522A2200C0C8C1 /* Controller */,
				A5D0D26825522A1300C0C8C1 /* Views */,
				A5D0D26725522A0A00C0C8C1 /* Models */,
				A5B7D7D82547B87600D673AD /* AppDelegate.swift */,
				A5B7D7DA2547B87600D673AD /* SceneDelegate.swift */,
				A5B7D7E12547B87700D673AD /* Assets.xcassets */,
				A5B7D7E32547B87700D673AD /* LaunchScreen.storyboard */,
				A521E04C2548DD7700F87B1D /* GoogleService-Info.plist */,
				A5B7D7E62547B87700D673AD /* Info.plist */,
				A503C1C1254C476700654200 /* Constants.swift */,
			);
			path = XtraRep;
			sourceTree = "<group>";
		};
		A5B7D7ED2547B87700D673AD /* XtraRep WatchKit App */ = {
			isa = PBXGroup;
			children = (
				A5B7D7EE2547B87700D673AD /* Interface.storyboard */,
				A5B7D7F12547B87700D673AD /* Assets.xcassets */,
				A5B7D7F32547B87700D673AD /* Info.plist */,
			);
			path = "XtraRep WatchKit App";
			sourceTree = "<group>";
		};
		A5B7D7FC2547B87800D673AD /* XtraRep WatchKit Extension */ = {
			isa = PBXGroup;
			children = (
				A5245C2225498E4500AD337F /* Model */,
				A5245C1E25498E3300AD337F /* Controller */,
				A5B7D8052547B87800D673AD /* Assets.xcassets */,
				A5B7D8072547B87800D673AD /* Info.plist */,
				A5B7D8082547B87800D673AD /* PushNotificationPayload.apns */,
				A5B7D8212547C33500D673AD /* Colors.swift */,
				A5B7D81C2547BC5900D673AD /* Constants.swift */,
				A503C1BA254C468400654200 /* XtraRep WatchKit App-Bridging-Header.h */,
			);
			path = "XtraRep WatchKit Extension";
			sourceTree = "<group>";
		};
		A5D0D26725522A0A00C0C8C1 /* Models */ = {
			isa = PBXGroup;
			children = (
				A5D0D26A25522A4800C0C8C1 /* WorkoutView.swift */,
			);
			path = Models;
			sourceTree = "<group>";
		};
		A5D0D26825522A1300C0C8C1 /* Views */ = {
			isa = PBXGroup;
			children = (
				A5B7D7DE2547B87600D673AD /* Main.storyboard */,
			);
			path = Views;
			sourceTree = "<group>";
		};
		A5D0D26925522A2200C0C8C1 /* Controller */ = {
			isa = PBXGroup;
			children = (
				A5B7D7DC2547B87600D673AD /* ViewController.swift */,
			);
			path = Controller;
			sourceTree = "<group>";
		};
		D634FEFBE234A9EE1C05923E /* Pods */ = {
			isa = PBXGroup;
			children = (
				AC4A038E4342859353A2BCC8 /* Pods-XtraRep.debug.xcconfig */,
				5B9DC646F5C47AC4A0F8C706 /* Pods-XtraRep.release.xcconfig */,
				8BF01BCD72D0CC504E5D42D7 /* Pods-XtraRep WatchKit App.debug.xcconfig */,
				10B936462263E7324BEAF6F0 /* Pods-XtraRep WatchKit App.release.xcconfig */,
				464FB0E393C11C39243EBC5C /* Pods-XtraRep WatchKit Extension.debug.xcconfig */,
				7624A47060611782EC936F3F /* Pods-XtraRep WatchKit Extension.release.xcconfig */,
			);
			path = Pods;
			sourceTree = "<group>";
		};
/* End PBXGroup section */

/* Begin PBXNativeTarget section */
		A5B7D7D42547B87600D673AD /* XtraRep */ = {
			isa = PBXNativeTarget;
			buildConfigurationList = A5B7D8132547B87800D673AD /* Build configuration list for PBXNativeTarget "XtraRep" */;
			buildPhases = (
				6F0BE92DC45A291A7DC4EFEC /* [CP] Check Pods Manifest.lock */,
				A5B7D7D12547B87600D673AD /* Sources */,
				A5B7D7D22547B87600D673AD /* Frameworks */,
				A5B7D7D32547B87600D673AD /* Resources */,
				A5B7D8122547B87800D673AD /* Embed Watch Content */,
				7F7AF386E92AE37F9FC253BA /* [CP] Embed Pods Frameworks */,
			);
			buildRules = (
			);
			dependencies = (
				A5B7D7EC2547B87700D673AD /* PBXTargetDependency */,
			);
			name = XtraRep;
			productName = XtraRep;
			productReference = A5B7D7D52547B87600D673AD /* XtraRep.app */;
			productType = "com.apple.product-type.application";
		};
		A5B7D7E82547B87700D673AD /* XtraRep WatchKit App */ = {
			isa = PBXNativeTarget;
			buildConfigurationList = A5B7D80F2547B87800D673AD /* Build configuration list for PBXNativeTarget "XtraRep WatchKit App" */;
			buildPhases = (
				376EF0FD064A22858F96FDB4 /* [CP] Check Pods Manifest.lock */,
				A5B7D7E72547B87700D673AD /* Resources */,
				A5B7D80E2547B87800D673AD /* Embed App Extensions */,
				20F266D6A04CC68079342B87 /* Frameworks */,
			);
			buildRules = (
			);
			dependencies = (
				A5B7D7FB2547B87800D673AD /* PBXTargetDependency */,
			);
			name = "XtraRep WatchKit App";
			productName = "XtraRep WatchKit App";
			productReference = A5B7D7E92547B87700D673AD /* XtraRep WatchKit App.app */;
			productType = "com.apple.product-type.application.watchapp2";
		};
		A5B7D7F72547B87800D673AD /* XtraRep WatchKit Extension */ = {
			isa = PBXNativeTarget;
			buildConfigurationList = A5B7D80B2547B87800D673AD /* Build configuration list for PBXNativeTarget "XtraRep WatchKit Extension" */;
			buildPhases = (
				5BA3EEE9C22A24BDDF5DB902 /* [CP] Check Pods Manifest.lock */,
				A5B7D7F42547B87800D673AD /* Sources */,
				A5B7D7F52547B87800D673AD /* Frameworks */,
				A5B7D7F62547B87800D673AD /* Resources */,
			);
			buildRules = (
			);
			dependencies = (
			);
			name = "XtraRep WatchKit Extension";
			productName = "XtraRep WatchKit Extension";
			productReference = A5B7D7F82547B87800D673AD /* XtraRep WatchKit Extension.appex */;
			productType = "com.apple.product-type.watchkit2-extension";
		};
/* End PBXNativeTarget section */

/* Begin PBXProject section */
		A5B7D7CD2547B87600D673AD /* Project object */ = {
			isa = PBXProject;
			attributes = {
				LastSwiftUpdateCheck = 1210;
				LastUpgradeCheck = 1210;
				TargetAttributes = {
					A5B7D7D42547B87600D673AD = {
						CreatedOnToolsVersion = 12.1;
					};
					A5B7D7E82547B87700D673AD = {
						CreatedOnToolsVersion = 12.1;
						LastSwiftMigration = 1210;
					};
					A5B7D7F72547B87800D673AD = {
						CreatedOnToolsVersion = 12.1;
					};
				};
			};
			buildConfigurationList = A5B7D7D02547B87600D673AD /* Build configuration list for PBXProject "XtraRep" */;
			compatibilityVersion = "Xcode 9.3";
			developmentRegion = en;
			hasScannedForEncodings = 0;
			knownRegions = (
				en,
				Base,
			);
			mainGroup = A5B7D7CC2547B87600D673AD;
			productRefGroup = A5B7D7D62547B87600D673AD /* Products */;
			projectDirPath = "";
			projectRoot = "";
			targets = (
				A5B7D7D42547B87600D673AD /* XtraRep */,
				A5B7D7E82547B87700D673AD /* XtraRep WatchKit App */,
				A5B7D7F72547B87800D673AD /* XtraRep WatchKit Extension */,
			);
		};
/* End PBXProject section */

/* Begin PBXResourcesBuildPhase section */
		A5B7D7D32547B87600D673AD /* Resources */ = {
			isa = PBXResourcesBuildPhase;
			buildActionMask = 2147483647;
			files = (
				A5B7D7E52547B87700D673AD /* LaunchScreen.storyboard in Resources */,
				A521E04D2548DD7700F87B1D /* GoogleService-Info.plist in Resources */,
				A5B7D7E22547B87700D673AD /* Assets.xcassets in Resources */,
				A5B7D7E02547B87600D673AD /* Main.storyboard in Resources */,
			);
			runOnlyForDeploymentPostprocessing = 0;
		};
		A5B7D7E72547B87700D673AD /* Resources */ = {
			isa = PBXResourcesBuildPhase;
			buildActionMask = 2147483647;
			files = (
				A5B7D7F22547B87700D673AD /* Assets.xcassets in Resources */,
				A5B7D7F02547B87700D673AD /* Interface.storyboard in Resources */,
				A521E04E2548DD7700F87B1D /* GoogleService-Info.plist in Resources */,
			);
			runOnlyForDeploymentPostprocessing = 0;
		};
		A5B7D7F62547B87800D673AD /* Resources */ = {
			isa = PBXResourcesBuildPhase;
			buildActionMask = 2147483647;
			files = (
				A5B7D8062547B87800D673AD /* Assets.xcassets in Resources */,
				A521E04F2548DD7700F87B1D /* GoogleService-Info.plist in Resources */,
			);
			runOnlyForDeploymentPostprocessing = 0;
		};
/* End PBXResourcesBuildPhase section */

/* Begin PBXShellScriptBuildPhase section */
		376EF0FD064A22858F96FDB4 /* [CP] Check Pods Manifest.lock */ = {
			isa = PBXShellScriptBuildPhase;
			buildActionMask = 2147483647;
			files = (
			);
			inputFileListPaths = (
			);
			inputPaths = (
				"${PODS_PODFILE_DIR_PATH}/Podfile.lock",
				"${PODS_ROOT}/Manifest.lock",
			);
			name = "[CP] Check Pods Manifest.lock";
			outputFileListPaths = (
			);
			outputPaths = (
				"$(DERIVED_FILE_DIR)/Pods-XtraRep WatchKit App-checkManifestLockResult.txt",
			);
			runOnlyForDeploymentPostprocessing = 0;
			shellPath = /bin/sh;
			shellScript = "diff \"${PODS_PODFILE_DIR_PATH}/Podfile.lock\" \"${PODS_ROOT}/Manifest.lock\" > /dev/null\nif [ $? != 0 ] ; then\n    # print error to STDERR\n    echo \"error: The sandbox is not in sync with the Podfile.lock. Run 'pod install' or update your CocoaPods installation.\" >&2\n    exit 1\nfi\n# This output is used by Xcode 'outputs' to avoid re-running this script phase.\necho \"SUCCESS\" > \"${SCRIPT_OUTPUT_FILE_0}\"\n";
			showEnvVarsInLog = 0;
		};
		5BA3EEE9C22A24BDDF5DB902 /* [CP] Check Pods Manifest.lock */ = {
			isa = PBXShellScriptBuildPhase;
			buildActionMask = 2147483647;
			files = (
			);
			inputFileListPaths = (
			);
			inputPaths = (
				"${PODS_PODFILE_DIR_PATH}/Podfile.lock",
				"${PODS_ROOT}/Manifest.lock",
			);
			name = "[CP] Check Pods Manifest.lock";
			outputFileListPaths = (
			);
			outputPaths = (
				"$(DERIVED_FILE_DIR)/Pods-XtraRep WatchKit Extension-checkManifestLockResult.txt",
			);
			runOnlyForDeploymentPostprocessing = 0;
			shellPath = /bin/sh;
			shellScript = "diff \"${PODS_PODFILE_DIR_PATH}/Podfile.lock\" \"${PODS_ROOT}/Manifest.lock\" > /dev/null\nif [ $? != 0 ] ; then\n    # print error to STDERR\n    echo \"error: The sandbox is not in sync with the Podfile.lock. Run 'pod install' or update your CocoaPods installation.\" >&2\n    exit 1\nfi\n# This output is used by Xcode 'outputs' to avoid re-running this script phase.\necho \"SUCCESS\" > \"${SCRIPT_OUTPUT_FILE_0}\"\n";
			showEnvVarsInLog = 0;
		};
		6F0BE92DC45A291A7DC4EFEC /* [CP] Check Pods Manifest.lock */ = {
			isa = PBXShellScriptBuildPhase;
			buildActionMask = 2147483647;
			files = (
			);
			inputFileListPaths = (
			);
			inputPaths = (
				"${PODS_PODFILE_DIR_PATH}/Podfile.lock",
				"${PODS_ROOT}/Manifest.lock",
			);
			name = "[CP] Check Pods Manifest.lock";
			outputFileListPaths = (
			);
			outputPaths = (
				"$(DERIVED_FILE_DIR)/Pods-XtraRep-checkManifestLockResult.txt",
			);
			runOnlyForDeploymentPostprocessing = 0;
			shellPath = /bin/sh;
			shellScript = "diff \"${PODS_PODFILE_DIR_PATH}/Podfile.lock\" \"${PODS_ROOT}/Manifest.lock\" > /dev/null\nif [ $? != 0 ] ; then\n    # print error to STDERR\n    echo \"error: The sandbox is not in sync with the Podfile.lock. Run 'pod install' or update your CocoaPods installation.\" >&2\n    exit 1\nfi\n# This output is used by Xcode 'outputs' to avoid re-running this script phase.\necho \"SUCCESS\" > \"${SCRIPT_OUTPUT_FILE_0}\"\n";
			showEnvVarsInLog = 0;
		};
		7F7AF386E92AE37F9FC253BA /* [CP] Embed Pods Frameworks */ = {
			isa = PBXShellScriptBuildPhase;
			buildActionMask = 2147483647;
			files = (
			);
			inputFileListPaths = (
				"${PODS_ROOT}/Target Support Files/Pods-XtraRep/Pods-XtraRep-frameworks-${CONFIGURATION}-input-files.xcfilelist",
			);
			name = "[CP] Embed Pods Frameworks";
			outputFileListPaths = (
				"${PODS_ROOT}/Target Support Files/Pods-XtraRep/Pods-XtraRep-frameworks-${CONFIGURATION}-output-files.xcfilelist",
			);
			runOnlyForDeploymentPostprocessing = 0;
			shellPath = /bin/sh;
			shellScript = "\"${PODS_ROOT}/Target Support Files/Pods-XtraRep/Pods-XtraRep-frameworks.sh\"\n";
			showEnvVarsInLog = 0;
		};
/* End PBXShellScriptBuildPhase section */

/* Begin PBXSourcesBuildPhase section */
		A5B7D7D12547B87600D673AD /* Sources */ = {
			isa = PBXSourcesBuildPhase;
			buildActionMask = 2147483647;
			files = (
				A503C1C2254C476700654200 /* Constants.swift in Sources */,
				A5B7D7DD2547B87600D673AD /* ViewController.swift in Sources */,
				A5B7D7D92547B87600D673AD /* AppDelegate.swift in Sources */,
				A5B7D7DB2547B87600D673AD /* SceneDelegate.swift in Sources */,
				A5D0D26B25522A4800C0C8C1 /* WorkoutView.swift in Sources */,
			);
			runOnlyForDeploymentPostprocessing = 0;
		};
		A5B7D7F42547B87800D673AD /* Sources */ = {
			isa = PBXSourcesBuildPhase;
			buildActionMask = 2147483647;
			files = (
				A5245C2425498EDC00AD337F /* WatchBrain.swift in Sources */,
				A5B7D81D2547BC5900D673AD /* Constants.swift in Sources */,
				A5B7D8222547C33500D673AD /* Colors.swift in Sources */,
				A5B7D8022547B87800D673AD /* NotificationController.swift in Sources */,
				A5B7D8042547B87800D673AD /* ComplicationController.swift in Sources */,
				A521E06B2548F0EE00F87B1D /* ExerciseDataModel.swift in Sources */,
				A5B7D8002547B87800D673AD /* ExtensionDelegate.swift in Sources */,
				A5B7D7FE2547B87800D673AD /* InterfaceController.swift in Sources */,
			);
			runOnlyForDeploymentPostprocessing = 0;
		};
/* End PBXSourcesBuildPhase section */

/* Begin PBXTargetDependency section */
		A5B7D7EC2547B87700D673AD /* PBXTargetDependency */ = {
			isa = PBXTargetDependency;
			target = A5B7D7E82547B87700D673AD /* XtraRep WatchKit App */;
			targetProxy = A5B7D7EB2547B87700D673AD /* PBXContainerItemProxy */;
		};
		A5B7D7FB2547B87800D673AD /* PBXTargetDependency */ = {
			isa = PBXTargetDependency;
			target = A5B7D7F72547B87800D673AD /* XtraRep WatchKit Extension */;
			targetProxy = A5B7D7FA2547B87800D673AD /* PBXContainerItemProxy */;
		};
/* End PBXTargetDependency section */

/* Begin PBXVariantGroup section */
		A5B7D7DE2547B87600D673AD /* Main.storyboard */ = {
			isa = PBXVariantGroup;
			children = (
				A5B7D7DF2547B87600D673AD /* Base */,
			);
			name = Main.storyboard;
			sourceTree = "<group>";
		};
		A5B7D7E32547B87700D673AD /* LaunchScreen.storyboard */ = {
			isa = PBXVariantGroup;
			children = (
				A5B7D7E42547B87700D673AD /* Base */,
			);
			name = LaunchScreen.storyboard;
			sourceTree = "<group>";
		};
		A5B7D7EE2547B87700D673AD /* Interface.storyboard */ = {
			isa = PBXVariantGroup;
			children = (
				A5B7D7EF2547B87700D673AD /* Base */,
			);
			name = Interface.storyboard;
			sourceTree = "<group>";
		};
/* End PBXVariantGroup section */

/* Begin XCBuildConfiguration section */
		A5B7D8092547B87800D673AD /* Debug */ = {
			isa = XCBuildConfiguration;
			buildSettings = {
				ALWAYS_SEARCH_USER_PATHS = NO;
				CLANG_ANALYZER_NONNULL = YES;
				CLANG_ANALYZER_NUMBER_OBJECT_CONVERSION = YES_AGGRESSIVE;
				CLANG_CXX_LANGUAGE_STANDARD = "gnu++14";
				CLANG_CXX_LIBRARY = "libc++";
				CLANG_ENABLE_MODULES = YES;
				CLANG_ENABLE_OBJC_ARC = YES;
				CLANG_ENABLE_OBJC_WEAK = YES;
				CLANG_WARN_BLOCK_CAPTURE_AUTORELEASING = YES;
				CLANG_WARN_BOOL_CONVERSION = YES;
				CLANG_WARN_COMMA = YES;
				CLANG_WARN_CONSTANT_CONVERSION = YES;
				CLANG_WARN_DEPRECATED_OBJC_IMPLEMENTATIONS = YES;
				CLANG_WARN_DIRECT_OBJC_ISA_USAGE = YES_ERROR;
				CLANG_WARN_DOCUMENTATION_COMMENTS = YES;
				CLANG_WARN_EMPTY_BODY = YES;
				CLANG_WARN_ENUM_CONVERSION = YES;
				CLANG_WARN_INFINITE_RECURSION = YES;
				CLANG_WARN_INT_CONVERSION = YES;
				CLANG_WARN_NON_LITERAL_NULL_CONVERSION = YES;
				CLANG_WARN_OBJC_IMPLICIT_RETAIN_SELF = YES;
				CLANG_WARN_OBJC_LITERAL_CONVERSION = YES;
				CLANG_WARN_OBJC_ROOT_CLASS = YES_ERROR;
				CLANG_WARN_QUOTED_INCLUDE_IN_FRAMEWORK_HEADER = YES;
				CLANG_WARN_RANGE_LOOP_ANALYSIS = YES;
				CLANG_WARN_STRICT_PROTOTYPES = YES;
				CLANG_WARN_SUSPICIOUS_MOVE = YES;
				CLANG_WARN_UNGUARDED_AVAILABILITY = YES_AGGRESSIVE;
				CLANG_WARN_UNREACHABLE_CODE = YES;
				CLANG_WARN__DUPLICATE_METHOD_MATCH = YES;
				COPY_PHASE_STRIP = NO;
				DEBUG_INFORMATION_FORMAT = dwarf;
				ENABLE_STRICT_OBJC_MSGSEND = YES;
				ENABLE_TESTABILITY = YES;
				GCC_C_LANGUAGE_STANDARD = gnu11;
				GCC_DYNAMIC_NO_PIC = NO;
				GCC_NO_COMMON_BLOCKS = YES;
				GCC_OPTIMIZATION_LEVEL = 0;
				GCC_PREPROCESSOR_DEFINITIONS = (
					"DEBUG=1",
					"$(inherited)",
				);
				GCC_WARN_64_TO_32_BIT_CONVERSION = YES;
				GCC_WARN_ABOUT_RETURN_TYPE = YES_ERROR;
				GCC_WARN_UNDECLARED_SELECTOR = YES;
				GCC_WARN_UNINITIALIZED_AUTOS = YES_AGGRESSIVE;
				GCC_WARN_UNUSED_FUNCTION = YES;
				GCC_WARN_UNUSED_VARIABLE = YES;
				MTL_ENABLE_DEBUG_INFO = INCLUDE_SOURCE;
				MTL_FAST_MATH = YES;
				ONLY_ACTIVE_ARCH = YES;
				SWIFT_ACTIVE_COMPILATION_CONDITIONS = DEBUG;
				SWIFT_OPTIMIZATION_LEVEL = "-Onone";
			};
			name = Debug;
		};
		A5B7D80A2547B87800D673AD /* Release */ = {
			isa = XCBuildConfiguration;
			buildSettings = {
				ALWAYS_SEARCH_USER_PATHS = NO;
				CLANG_ANALYZER_NONNULL = YES;
				CLANG_ANALYZER_NUMBER_OBJECT_CONVERSION = YES_AGGRESSIVE;
				CLANG_CXX_LANGUAGE_STANDARD = "gnu++14";
				CLANG_CXX_LIBRARY = "libc++";
				CLANG_ENABLE_MODULES = YES;
				CLANG_ENABLE_OBJC_ARC = YES;
				CLANG_ENABLE_OBJC_WEAK = YES;
				CLANG_WARN_BLOCK_CAPTURE_AUTORELEASING = YES;
				CLANG_WARN_BOOL_CONVERSION = YES;
				CLANG_WARN_COMMA = YES;
				CLANG_WARN_CONSTANT_CONVERSION = YES;
				CLANG_WARN_DEPRECATED_OBJC_IMPLEMENTATIONS = YES;
				CLANG_WARN_DIRECT_OBJC_ISA_USAGE = YES_ERROR;
				CLANG_WARN_DOCUMENTATION_COMMENTS = YES;
				CLANG_WARN_EMPTY_BODY = YES;
				CLANG_WARN_ENUM_CONVERSION = YES;
				CLANG_WARN_INFINITE_RECURSION = YES;
				CLANG_WARN_INT_CONVERSION = YES;
				CLANG_WARN_NON_LITERAL_NULL_CONVERSION = YES;
				CLANG_WARN_OBJC_IMPLICIT_RETAIN_SELF = YES;
				CLANG_WARN_OBJC_LITERAL_CONVERSION = YES;
				CLANG_WARN_OBJC_ROOT_CLASS = YES_ERROR;
				CLANG_WARN_QUOTED_INCLUDE_IN_FRAMEWORK_HEADER = YES;
				CLANG_WARN_RANGE_LOOP_ANALYSIS = YES;
				CLANG_WARN_STRICT_PROTOTYPES = YES;
				CLANG_WARN_SUSPICIOUS_MOVE = YES;
				CLANG_WARN_UNGUARDED_AVAILABILITY = YES_AGGRESSIVE;
				CLANG_WARN_UNREACHABLE_CODE = YES;
				CLANG_WARN__DUPLICATE_METHOD_MATCH = YES;
				COPY_PHASE_STRIP = NO;
				DEBUG_INFORMATION_FORMAT = "dwarf-with-dsym";
				ENABLE_NS_ASSERTIONS = NO;
				ENABLE_STRICT_OBJC_MSGSEND = YES;
				GCC_C_LANGUAGE_STANDARD = gnu11;
				GCC_NO_COMMON_BLOCKS = YES;
				GCC_WARN_64_TO_32_BIT_CONVERSION = YES;
				GCC_WARN_ABOUT_RETURN_TYPE = YES_ERROR;
				GCC_WARN_UNDECLARED_SELECTOR = YES;
				GCC_WARN_UNINITIALIZED_AUTOS = YES_AGGRESSIVE;
				GCC_WARN_UNUSED_FUNCTION = YES;
				GCC_WARN_UNUSED_VARIABLE = YES;
				MTL_ENABLE_DEBUG_INFO = NO;
				MTL_FAST_MATH = YES;
				SWIFT_COMPILATION_MODE = wholemodule;
				SWIFT_OPTIMIZATION_LEVEL = "-O";
			};
			name = Release;
		};
		A5B7D80C2547B87800D673AD /* Debug */ = {
			isa = XCBuildConfiguration;
			baseConfigurationReference = 464FB0E393C11C39243EBC5C /* Pods-XtraRep WatchKit Extension.debug.xcconfig */;
			buildSettings = {
				ASSETCATALOG_COMPILER_COMPLICATION_NAME = Complication;
				CODE_SIGN_STYLE = Automatic;
				DEVELOPMENT_TEAM = K333Z73UYG;
				INFOPLIST_FILE = "XtraRep WatchKit Extension/Info.plist";
				LD_RUNPATH_SEARCH_PATHS = (
					"$(inherited)",
					"@executable_path/Frameworks",
					"@executable_path/../../Frameworks",
				);
				PRODUCT_BUNDLE_IDENTIFIER = com.tinyhacktechnology.XtraRep.watchkitapp.watchkitextension;
				PRODUCT_NAME = "${TARGET_NAME}";
				SDKROOT = watchos;
				SKIP_INSTALL = YES;
				SWIFT_VERSION = 5.0;
				TARGETED_DEVICE_FAMILY = 4;
				WATCHOS_DEPLOYMENT_TARGET = 7.0;
			};
			name = Debug;
		};
		A5B7D80D2547B87800D673AD /* Release */ = {
			isa = XCBuildConfiguration;
			baseConfigurationReference = 7624A47060611782EC936F3F /* Pods-XtraRep WatchKit Extension.release.xcconfig */;
			buildSettings = {
				ASSETCATALOG_COMPILER_COMPLICATION_NAME = Complication;
				CODE_SIGN_STYLE = Automatic;
				DEVELOPMENT_TEAM = K333Z73UYG;
				INFOPLIST_FILE = "XtraRep WatchKit Extension/Info.plist";
				LD_RUNPATH_SEARCH_PATHS = (
					"$(inherited)",
					"@executable_path/Frameworks",
					"@executable_path/../../Frameworks",
				);
				PRODUCT_BUNDLE_IDENTIFIER = com.tinyhacktechnology.XtraRep.watchkitapp.watchkitextension;
				PRODUCT_NAME = "${TARGET_NAME}";
				SDKROOT = watchos;
				SKIP_INSTALL = YES;
				SWIFT_VERSION = 5.0;
				TARGETED_DEVICE_FAMILY = 4;
				VALIDATE_PRODUCT = YES;
				WATCHOS_DEPLOYMENT_TARGET = 7.0;
			};
			name = Release;
		};
		A5B7D8102547B87800D673AD /* Debug */ = {
			isa = XCBuildConfiguration;
			baseConfigurationReference = 8BF01BCD72D0CC504E5D42D7 /* Pods-XtraRep WatchKit App.debug.xcconfig */;
			buildSettings = {
				ALWAYS_EMBED_SWIFT_STANDARD_LIBRARIES = YES;
				ASSETCATALOG_COMPILER_APPICON_NAME = AppIcon;
				ASSETCATALOG_COMPILER_GLOBAL_ACCENT_COLOR_NAME = AccentColor;
				CLANG_ENABLE_MODULES = YES;
				CODE_SIGN_STYLE = Automatic;
				DEVELOPMENT_TEAM = K333Z73UYG;
				IBSC_MODULE = XtraRep_WatchKit_Extension;
				INFOPLIST_FILE = "XtraRep WatchKit App/Info.plist";
				LD_RUNPATH_SEARCH_PATHS = (
					"$(inherited)",
					"@executable_path/../Frameworks",
					"@loader_path/../Frameworks",
				);
				PRODUCT_BUNDLE_IDENTIFIER = com.tinyhacktechnology.XtraRep.watchkitapp;
				PRODUCT_NAME = "$(TARGET_NAME)";
				SDKROOT = watchos;
				SKIP_INSTALL = YES;
				SWIFT_OBJC_BRIDGING_HEADER = "XtraRep WatchKit Extension/XtraRep WatchKit App-Bridging-Header.h";
				SWIFT_OPTIMIZATION_LEVEL = "-Onone";
				SWIFT_VERSION = 5.0;
				TARGETED_DEVICE_FAMILY = 4;
				WATCHOS_DEPLOYMENT_TARGET = 7.0;
			};
			name = Debug;
		};
		A5B7D8112547B87800D673AD /* Release */ = {
			isa = XCBuildConfiguration;
			baseConfigurationReference = 10B936462263E7324BEAF6F0 /* Pods-XtraRep WatchKit App.release.xcconfig */;
			buildSettings = {
				ALWAYS_EMBED_SWIFT_STANDARD_LIBRARIES = YES;
				ASSETCATALOG_COMPILER_APPICON_NAME = AppIcon;
				ASSETCATALOG_COMPILER_GLOBAL_ACCENT_COLOR_NAME = AccentColor;
				CLANG_ENABLE_MODULES = YES;
				CODE_SIGN_STYLE = Automatic;
				DEVELOPMENT_TEAM = K333Z73UYG;
				IBSC_MODULE = XtraRep_WatchKit_Extension;
				INFOPLIST_FILE = "XtraRep WatchKit App/Info.plist";
				LD_RUNPATH_SEARCH_PATHS = (
					"$(inherited)",
					"@executable_path/../Frameworks",
					"@loader_path/../Frameworks",
				);
				PRODUCT_BUNDLE_IDENTIFIER = com.tinyhacktechnology.XtraRep.watchkitapp;
				PRODUCT_NAME = "$(TARGET_NAME)";
				SDKROOT = watchos;
				SKIP_INSTALL = YES;
				SWIFT_OBJC_BRIDGING_HEADER = "XtraRep WatchKit Extension/XtraRep WatchKit App-Bridging-Header.h";
				SWIFT_VERSION = 5.0;
				TARGETED_DEVICE_FAMILY = 4;
				VALIDATE_PRODUCT = YES;
				WATCHOS_DEPLOYMENT_TARGET = 7.0;
			};
			name = Release;
		};
		A5B7D8142547B87800D673AD /* Debug */ = {
			isa = XCBuildConfiguration;
			baseConfigurationReference = AC4A038E4342859353A2BCC8 /* Pods-XtraRep.debug.xcconfig */;
			buildSettings = {
				ASSETCATALOG_COMPILER_APPICON_NAME = AppIcon;
				ASSETCATALOG_COMPILER_GLOBAL_ACCENT_COLOR_NAME = AccentColor;
				CODE_SIGN_STYLE = Automatic;
				DEVELOPMENT_TEAM = K333Z73UYG;
				INFOPLIST_FILE = XtraRep/Info.plist;
				IPHONEOS_DEPLOYMENT_TARGET = 13.0;
				LD_RUNPATH_SEARCH_PATHS = (
					"$(inherited)",
					"@executable_path/Frameworks",
				);
				PRODUCT_BUNDLE_IDENTIFIER = com.tinyhacktechnology.XtraRep;
				PRODUCT_NAME = "$(TARGET_NAME)";
				SDKROOT = iphoneos;
				SWIFT_VERSION = 5.0;
				TARGETED_DEVICE_FAMILY = "1,2";
				WATCHOS_DEPLOYMENT_TARGET = 6.0;
			};
			name = Debug;
		};
		A5B7D8152547B87800D673AD /* Release */ = {
			isa = XCBuildConfiguration;
			baseConfigurationReference = 5B9DC646F5C47AC4A0F8C706 /* Pods-XtraRep.release.xcconfig */;
			buildSettings = {
				ASSETCATALOG_COMPILER_APPICON_NAME = AppIcon;
				ASSETCATALOG_COMPILER_GLOBAL_ACCENT_COLOR_NAME = AccentColor;
				CODE_SIGN_STYLE = Automatic;
				DEVELOPMENT_TEAM = K333Z73UYG;
				INFOPLIST_FILE = XtraRep/Info.plist;
				IPHONEOS_DEPLOYMENT_TARGET = 13.0;
				LD_RUNPATH_SEARCH_PATHS = (
					"$(inherited)",
					"@executable_path/Frameworks",
				);
				PRODUCT_BUNDLE_IDENTIFIER = com.tinyhacktechnology.XtraRep;
				PRODUCT_NAME = "$(TARGET_NAME)";
				SDKROOT = iphoneos;
				SWIFT_VERSION = 5.0;
				TARGETED_DEVICE_FAMILY = "1,2";
				VALIDATE_PRODUCT = YES;
				WATCHOS_DEPLOYMENT_TARGET = 6.0;
			};
			name = Release;
		};
/* End XCBuildConfiguration section */

/* Begin XCConfigurationList section */
		A5B7D7D02547B87600D673AD /* Build configuration list for PBXProject "XtraRep" */ = {
			isa = XCConfigurationList;
			buildConfigurations = (
				A5B7D8092547B87800D673AD /* Debug */,
				A5B7D80A2547B87800D673AD /* Release */,
			);
			defaultConfigurationIsVisible = 0;
			defaultConfigurationName = Release;
		};
		A5B7D80B2547B87800D673AD /* Build configuration list for PBXNativeTarget "XtraRep WatchKit Extension" */ = {
			isa = XCConfigurationList;
			buildConfigurations = (
				A5B7D80C2547B87800D673AD /* Debug */,
				A5B7D80D2547B87800D673AD /* Release */,
			);
			defaultConfigurationIsVisible = 0;
			defaultConfigurationName = Release;
		};
		A5B7D80F2547B87800D673AD /* Build configuration list for PBXNativeTarget "XtraRep WatchKit App" */ = {
			isa = XCConfigurationList;
			buildConfigurations = (
				A5B7D8102547B87800D673AD /* Debug */,
				A5B7D8112547B87800D673AD /* Release */,
			);
			defaultConfigurationIsVisible = 0;
			defaultConfigurationName = Release;
		};
		A5B7D8132547B87800D673AD /* Build configuration list for PBXNativeTarget "XtraRep" */ = {
			isa = XCConfigurationList;
			buildConfigurations = (
				A5B7D8142547B87800D673AD /* Debug */,
				A5B7D8152547B87800D673AD /* Release */,
			);
			defaultConfigurationIsVisible = 0;
			defaultConfigurationName = Release;
		};
/* End XCConfigurationList section */
	};
	rootObject = A5B7D7CD2547B87600D673AD /* Project object */;
}
